// !$*UTF8*$!
{
	archiveVersion = 1;
	classes = {
	};
	objectVersion = 46;
	objects = {

/* Begin PBXBuildFile section */
		300BA800161E50BF00F4423B /* UIKit.framework in Frameworks */ = {isa = PBXBuildFile; fileRef = 300BA7FF161E50BF00F4423B /* UIKit.framework */; };
		300BA802161E50BF00F4423B /* Foundation.framework in Frameworks */ = {isa = PBXBuildFile; fileRef = 300BA801161E50BF00F4423B /* Foundation.framework */; };
		300BA804161E50BF00F4423B /* CoreGraphics.framework in Frameworks */ = {isa = PBXBuildFile; fileRef = 300BA803161E50BF00F4423B /* CoreGraphics.framework */; };
		300BA80A161E50BF00F4423B /* InfoPlist.strings in Resources */ = {isa = PBXBuildFile; fileRef = 300BA808161E50BF00F4423B /* InfoPlist.strings */; };
		300BA80C161E50BF00F4423B /* main.m in Sources */ = {isa = PBXBuildFile; fileRef = 300BA80B161E50BF00F4423B /* main.m */; };
		300BA810161E50BF00F4423B /* AppDelegate.m in Sources */ = {isa = PBXBuildFile; fileRef = 300BA80F161E50BF00F4423B /* AppDelegate.m */; };
		300BA812161E50BF00F4423B /* Default.png in Resources */ = {isa = PBXBuildFile; fileRef = 300BA811161E50BF00F4423B /* Default.png */; };
		300BA814161E50BF00F4423B /* Default@2x.png in Resources */ = {isa = PBXBuildFile; fileRef = 300BA813161E50BF00F4423B /* Default@2x.png */; };
		300BA816161E50BF00F4423B /* Default-568h@2x.png in Resources */ = {isa = PBXBuildFile; fileRef = 300BA815161E50BF00F4423B /* Default-568h@2x.png */; };
		300BA82F161E513900F4423B /* Icon.png in Resources */ = {isa = PBXBuildFile; fileRef = 300BA82D161E513900F4423B /* Icon.png */; };
		300BA830161E513900F4423B /* Icon@2x.png in Resources */ = {isa = PBXBuildFile; fileRef = 300BA82E161E513900F4423B /* Icon@2x.png */; };
		300BA832161E51E900F4423B /* QuartzCore.framework in Frameworks */ = {isa = PBXBuildFile; fileRef = 300BA831161E51E900F4423B /* QuartzCore.framework */; };
		300BA834161E51ED00F4423B /* CoreLocation.framework in Frameworks */ = {isa = PBXBuildFile; fileRef = 300BA833161E51ED00F4423B /* CoreLocation.framework */; };
		300BA836161E51F000F4423B /* MapKit.framework in Frameworks */ = {isa = PBXBuildFile; fileRef = 300BA835161E51F000F4423B /* MapKit.framework */; };
		300BA838161E51FB00F4423B /* CFNetwork.framework in Frameworks */ = {isa = PBXBuildFile; fileRef = 300BA837161E51FB00F4423B /* CFNetwork.framework */; };
		300BA83B161E521F00F4423B /* HomeViewController.m in Sources */ = {isa = PBXBuildFile; fileRef = 300BA83A161E521F00F4423B /* HomeViewController.m */; };
		300BA83E161E577F00F4423B /* SettingsViewController.m in Sources */ = {isa = PBXBuildFile; fileRef = 300BA83D161E577F00F4423B /* SettingsViewController.m */; };
		300BA857161E5E5C00F4423B /* NSObject+REUIKitAdditions.m in Sources */ = {isa = PBXBuildFile; fileRef = 300BA848161E5E5C00F4423B /* NSObject+REUIKitAdditions.m */; };
		300BA858161E5E5C00F4423B /* UIColor+REUIKitAdditions.m in Sources */ = {isa = PBXBuildFile; fileRef = 300BA84C161E5E5C00F4423B /* UIColor+REUIKitAdditions.m */; };
		300BA859161E5E5C00F4423B /* UIControl+REUIKitAdditions.m in Sources */ = {isa = PBXBuildFile; fileRef = 300BA84E161E5E5C00F4423B /* UIControl+REUIKitAdditions.m */; };
		300BA85A161E5E5C00F4423B /* UIImage+REUIKitAdditions.m in Sources */ = {isa = PBXBuildFile; fileRef = 300BA850161E5E5C00F4423B /* UIImage+REUIKitAdditions.m */; };
		300BA85B161E5E5C00F4423B /* UIImageView+REUIKitAdditions.m in Sources */ = {isa = PBXBuildFile; fileRef = 300BA852161E5E5C00F4423B /* UIImageView+REUIKitAdditions.m */; };
		300BA85C161E5E5C00F4423B /* UIScreen+REUIKitAdditions.m in Sources */ = {isa = PBXBuildFile; fileRef = 300BA854161E5E5C00F4423B /* UIScreen+REUIKitAdditions.m */; };
		300BA85D161E5E5C00F4423B /* UIView+REUIKitAdditions.m in Sources */ = {isa = PBXBuildFile; fileRef = 300BA856161E5E5C00F4423B /* UIView+REUIKitAdditions.m */; };
		300BA860161E615700F4423B /* BookmarksViewController.m in Sources */ = {isa = PBXBuildFile; fileRef = 300BA85F161E615700F4423B /* BookmarksViewController.m */; };
		300BA863161E668E00F4423B /* Annotation.m in Sources */ = {isa = PBXBuildFile; fileRef = 300BA862161E668E00F4423B /* Annotation.m */; };
		300BA86F161E686B00F4423B /* Pin_Icon_View@2x.png in Resources */ = {isa = PBXBuildFile; fileRef = 300BA86E161E686B00F4423B /* Pin_Icon_View@2x.png */; };
		300BA87A161E851500F4423B /* DetailsViewController.m in Sources */ = {isa = PBXBuildFile; fileRef = 300BA879161E851500F4423B /* DetailsViewController.m */; };
		300BA88F161E8FF700F4423B /* AFHTTPClient.m in Sources */ = {isa = PBXBuildFile; fileRef = 300BA87D161E8FF700F4423B /* AFHTTPClient.m */; };
		300BA890161E8FF700F4423B /* AFHTTPRequestOperation.m in Sources */ = {isa = PBXBuildFile; fileRef = 300BA87F161E8FF700F4423B /* AFHTTPRequestOperation.m */; };
		300BA891161E8FF700F4423B /* AFImageRequestOperation.m in Sources */ = {isa = PBXBuildFile; fileRef = 300BA881161E8FF700F4423B /* AFImageRequestOperation.m */; };
		300BA892161E8FF700F4423B /* AFJSONRequestOperation.m in Sources */ = {isa = PBXBuildFile; fileRef = 300BA883161E8FF700F4423B /* AFJSONRequestOperation.m */; };
		300BA893161E8FF700F4423B /* AFNetworkActivityIndicatorManager.m in Sources */ = {isa = PBXBuildFile; fileRef = 300BA885161E8FF700F4423B /* AFNetworkActivityIndicatorManager.m */; };
		300BA894161E8FF700F4423B /* AFPropertyListRequestOperation.m in Sources */ = {isa = PBXBuildFile; fileRef = 300BA888161E8FF700F4423B /* AFPropertyListRequestOperation.m */; };
		300BA895161E8FF700F4423B /* AFURLConnectionOperation.m in Sources */ = {isa = PBXBuildFile; fileRef = 300BA88A161E8FF700F4423B /* AFURLConnectionOperation.m */; };
		300BA896161E8FF700F4423B /* AFXMLRequestOperation.m in Sources */ = {isa = PBXBuildFile; fileRef = 300BA88C161E8FF700F4423B /* AFXMLRequestOperation.m */; };
		300BA897161E8FF700F4423B /* UIImageView+AFNetworking.m in Sources */ = {isa = PBXBuildFile; fileRef = 300BA88E161E8FF700F4423B /* UIImageView+AFNetworking.m */; };
/* End PBXBuildFile section */

/* Begin PBXFileReference section */
		300BA7FB161E50BF00F4423B /* MapView.app */ = {isa = PBXFileReference; explicitFileType = wrapper.application; includeInIndex = 0; path = MapView.app; sourceTree = BUILT_PRODUCTS_DIR; };
		300BA7FF161E50BF00F4423B /* UIKit.framework */ = {isa = PBXFileReference; lastKnownFileType = wrapper.framework; name = UIKit.framework; path = System/Library/Frameworks/UIKit.framework; sourceTree = SDKROOT; };
		300BA801161E50BF00F4423B /* Foundation.framework */ = {isa = PBXFileReference; lastKnownFileType = wrapper.framework; name = Foundation.framework; path = System/Library/Frameworks/Foundation.framework; sourceTree = SDKROOT; };
		300BA803161E50BF00F4423B /* CoreGraphics.framework */ = {isa = PBXFileReference; lastKnownFileType = wrapper.framework; name = CoreGraphics.framework; path = System/Library/Frameworks/CoreGraphics.framework; sourceTree = SDKROOT; };
		300BA807161E50BF00F4423B /* MapView-Info.plist */ = {isa = PBXFileReference; lastKnownFileType = text.plist.xml; path = "MapView-Info.plist"; sourceTree = "<group>"; };
		300BA809161E50BF00F4423B /* en */ = {isa = PBXFileReference; lastKnownFileType = text.plist.strings; name = en; path = en.lproj/InfoPlist.strings; sourceTree = "<group>"; };
		300BA80B161E50BF00F4423B /* main.m */ = {isa = PBXFileReference; lastKnownFileType = sourcecode.c.objc; path = main.m; sourceTree = "<group>"; };
		300BA80D161E50BF00F4423B /* MapView-Prefix.pch */ = {isa = PBXFileReference; lastKnownFileType = sourcecode.c.h; path = "MapView-Prefix.pch"; sourceTree = "<group>"; };
		300BA80E161E50BF00F4423B /* AppDelegate.h */ = {isa = PBXFileReference; lastKnownFileType = sourcecode.c.h; path = AppDelegate.h; sourceTree = "<group>"; };
		300BA80F161E50BF00F4423B /* AppDelegate.m */ = {isa = PBXFileReference; lastKnownFileType = sourcecode.c.objc; path = AppDelegate.m; sourceTree = "<group>"; };
		300BA811161E50BF00F4423B /* Default.png */ = {isa = PBXFileReference; lastKnownFileType = image.png; path = Default.png; sourceTree = "<group>"; };
		300BA813161E50BF00F4423B /* Default@2x.png */ = {isa = PBXFileReference; lastKnownFileType = image.png; path = "Default@2x.png"; sourceTree = "<group>"; };
		300BA815161E50BF00F4423B /* Default-568h@2x.png */ = {isa = PBXFileReference; lastKnownFileType = image.png; path = "Default-568h@2x.png"; sourceTree = "<group>"; };
		300BA82D161E513900F4423B /* Icon.png */ = {isa = PBXFileReference; lastKnownFileType = image.png; path = Icon.png; sourceTree = "<group>"; };
		300BA82E161E513900F4423B /* Icon@2x.png */ = {isa = PBXFileReference; lastKnownFileType = image.png; path = "Icon@2x.png"; sourceTree = "<group>"; };
		300BA831161E51E900F4423B /* QuartzCore.framework */ = {isa = PBXFileReference; lastKnownFileType = wrapper.framework; name = QuartzCore.framework; path = System/Library/Frameworks/QuartzCore.framework; sourceTree = SDKROOT; };
		300BA833161E51ED00F4423B /* CoreLocation.framework */ = {isa = PBXFileReference; lastKnownFileType = wrapper.framework; name = CoreLocation.framework; path = System/Library/Frameworks/CoreLocation.framework; sourceTree = SDKROOT; };
		300BA835161E51F000F4423B /* MapKit.framework */ = {isa = PBXFileReference; lastKnownFileType = wrapper.framework; name = MapKit.framework; path = System/Library/Frameworks/MapKit.framework; sourceTree = SDKROOT; };
		300BA837161E51FB00F4423B /* CFNetwork.framework */ = {isa = PBXFileReference; lastKnownFileType = wrapper.framework; name = CFNetwork.framework; path = System/Library/Frameworks/CFNetwork.framework; sourceTree = SDKROOT; };
		300BA839161E521F00F4423B /* HomeViewController.h */ = {isa = PBXFileReference; fileEncoding = 4; lastKnownFileType = sourcecode.c.h; path = HomeViewController.h; sourceTree = "<group>"; };
		300BA83A161E521F00F4423B /* HomeViewController.m */ = {isa = PBXFileReference; fileEncoding = 4; lastKnownFileType = sourcecode.c.objc; path = HomeViewController.m; sourceTree = "<group>"; };
		300BA83C161E577F00F4423B /* SettingsViewController.h */ = {isa = PBXFileReference; fileEncoding = 4; lastKnownFileType = sourcecode.c.h; path = SettingsViewController.h; sourceTree = "<group>"; };
		300BA83D161E577F00F4423B /* SettingsViewController.m */ = {isa = PBXFileReference; fileEncoding = 4; lastKnownFileType = sourcecode.c.objc; path = SettingsViewController.m; sourceTree = "<group>"; };
		300BA847161E5E5C00F4423B /* NSObject+REUIKitAdditions.h */ = {isa = PBXFileReference; fileEncoding = 4; lastKnownFileType = sourcecode.c.h; path = "NSObject+REUIKitAdditions.h"; sourceTree = "<group>"; };
		300BA848161E5E5C00F4423B /* NSObject+REUIKitAdditions.m */ = {isa = PBXFileReference; fileEncoding = 4; lastKnownFileType = sourcecode.c.objc; path = "NSObject+REUIKitAdditions.m"; sourceTree = "<group>"; };
		300BA849161E5E5C00F4423B /* REUIKitAdditions.h */ = {isa = PBXFileReference; fileEncoding = 4; lastKnownFileType = sourcecode.c.h; path = REUIKitAdditions.h; sourceTree = "<group>"; };
		300BA84A161E5E5C00F4423B /* REUIKitMacros.h */ = {isa = PBXFileReference; fileEncoding = 4; lastKnownFileType = sourcecode.c.h; path = REUIKitMacros.h; sourceTree = "<group>"; };
		300BA84B161E5E5C00F4423B /* UIColor+REUIKitAdditions.h */ = {isa = PBXFileReference; fileEncoding = 4; lastKnownFileType = sourcecode.c.h; path = "UIColor+REUIKitAdditions.h"; sourceTree = "<group>"; };
		300BA84C161E5E5C00F4423B /* UIColor+REUIKitAdditions.m */ = {isa = PBXFileReference; fileEncoding = 4; lastKnownFileType = sourcecode.c.objc; path = "UIColor+REUIKitAdditions.m"; sourceTree = "<group>"; };
		300BA84D161E5E5C00F4423B /* UIControl+REUIKitAdditions.h */ = {isa = PBXFileReference; fileEncoding = 4; lastKnownFileType = sourcecode.c.h; path = "UIControl+REUIKitAdditions.h"; sourceTree = "<group>"; };
		300BA84E161E5E5C00F4423B /* UIControl+REUIKitAdditions.m */ = {isa = PBXFileReference; fileEncoding = 4; lastKnownFileType = sourcecode.c.objc; path = "UIControl+REUIKitAdditions.m"; sourceTree = "<group>"; };
		300BA84F161E5E5C00F4423B /* UIImage+REUIKitAdditions.h */ = {isa = PBXFileReference; fileEncoding = 4; lastKnownFileType = sourcecode.c.h; path = "UIImage+REUIKitAdditions.h"; sourceTree = "<group>"; };
		300BA850161E5E5C00F4423B /* UIImage+REUIKitAdditions.m */ = {isa = PBXFileReference; fileEncoding = 4; lastKnownFileType = sourcecode.c.objc; path = "UIImage+REUIKitAdditions.m"; sourceTree = "<group>"; };
		300BA851161E5E5C00F4423B /* UIImageView+REUIKitAdditions.h */ = {isa = PBXFileReference; fileEncoding = 4; lastKnownFileType = sourcecode.c.h; path = "UIImageView+REUIKitAdditions.h"; sourceTree = "<group>"; };
		300BA852161E5E5C00F4423B /* UIImageView+REUIKitAdditions.m */ = {isa = PBXFileReference; fileEncoding = 4; lastKnownFileType = sourcecode.c.objc; path = "UIImageView+REUIKitAdditions.m"; sourceTree = "<group>"; };
		300BA853161E5E5C00F4423B /* UIScreen+REUIKitAdditions.h */ = {isa = PBXFileReference; fileEncoding = 4; lastKnownFileType = sourcecode.c.h; path = "UIScreen+REUIKitAdditions.h"; sourceTree = "<group>"; };
		300BA854161E5E5C00F4423B /* UIScreen+REUIKitAdditions.m */ = {isa = PBXFileReference; fileEncoding = 4; lastKnownFileType = sourcecode.c.objc; path = "UIScreen+REUIKitAdditions.m"; sourceTree = "<group>"; };
		300BA855161E5E5C00F4423B /* UIView+REUIKitAdditions.h */ = {isa = PBXFileReference; fileEncoding = 4; lastKnownFileType = sourcecode.c.h; path = "UIView+REUIKitAdditions.h"; sourceTree = "<group>"; };
		300BA856161E5E5C00F4423B /* UIView+REUIKitAdditions.m */ = {isa = PBXFileReference; fileEncoding = 4; lastKnownFileType = sourcecode.c.objc; path = "UIView+REUIKitAdditions.m"; sourceTree = "<group>"; };
		300BA85E161E615700F4423B /* BookmarksViewController.h */ = {isa = PBXFileReference; fileEncoding = 4; lastKnownFileType = sourcecode.c.h; path = BookmarksViewController.h; sourceTree = "<group>"; };
		300BA85F161E615700F4423B /* BookmarksViewController.m */ = {isa = PBXFileReference; fileEncoding = 4; lastKnownFileType = sourcecode.c.objc; path = BookmarksViewController.m; sourceTree = "<group>"; };
		300BA861161E668E00F4423B /* Annotation.h */ = {isa = PBXFileReference; fileEncoding = 4; lastKnownFileType = sourcecode.c.h; path = Annotation.h; sourceTree = "<group>"; };
		300BA862161E668E00F4423B /* Annotation.m */ = {isa = PBXFileReference; fileEncoding = 4; lastKnownFileType = sourcecode.c.objc; path = Annotation.m; sourceTree = "<group>"; };
		300BA86E161E686B00F4423B /* Pin_Icon_View@2x.png */ = {isa = PBXFileReference; lastKnownFileType = image.png; path = "Pin_Icon_View@2x.png"; sourceTree = "<group>"; };
		300BA878161E851500F4423B /* DetailsViewController.h */ = {isa = PBXFileReference; fileEncoding = 4; lastKnownFileType = sourcecode.c.h; path = DetailsViewController.h; sourceTree = "<group>"; };
		300BA879161E851500F4423B /* DetailsViewController.m */ = {isa = PBXFileReference; fileEncoding = 4; lastKnownFileType = sourcecode.c.objc; path = DetailsViewController.m; sourceTree = "<group>"; };
		300BA87C161E8FF700F4423B /* AFHTTPClient.h */ = {isa = PBXFileReference; fileEncoding = 4; lastKnownFileType = sourcecode.c.h; path = AFHTTPClient.h; sourceTree = "<group>"; };
		300BA87D161E8FF700F4423B /* AFHTTPClient.m */ = {isa = PBXFileReference; fileEncoding = 4; lastKnownFileType = sourcecode.c.objc; path = AFHTTPClient.m; sourceTree = "<group>"; };
		300BA87E161E8FF700F4423B /* AFHTTPRequestOperation.h */ = {isa = PBXFileReference; fileEncoding = 4; lastKnownFileType = sourcecode.c.h; path = AFHTTPRequestOperation.h; sourceTree = "<group>"; };
		300BA87F161E8FF700F4423B /* AFHTTPRequestOperation.m */ = {isa = PBXFileReference; fileEncoding = 4; lastKnownFileType = sourcecode.c.objc; path = AFHTTPRequestOperation.m; sourceTree = "<group>"; };
		300BA880161E8FF700F4423B /* AFImageRequestOperation.h */ = {isa = PBXFileReference; fileEncoding = 4; lastKnownFileType = sourcecode.c.h; path = AFImageRequestOperation.h; sourceTree = "<group>"; };
		300BA881161E8FF700F4423B /* AFImageRequestOperation.m */ = {isa = PBXFileReference; fileEncoding = 4; lastKnownFileType = sourcecode.c.objc; path = AFImageRequestOperation.m; sourceTree = "<group>"; };
		300BA882161E8FF700F4423B /* AFJSONRequestOperation.h */ = {isa = PBXFileReference; fileEncoding = 4; lastKnownFileType = sourcecode.c.h; path = AFJSONRequestOperation.h; sourceTree = "<group>"; };
		300BA883161E8FF700F4423B /* AFJSONRequestOperation.m */ = {isa = PBXFileReference; fileEncoding = 4; lastKnownFileType = sourcecode.c.objc; path = AFJSONRequestOperation.m; sourceTree = "<group>"; };
		300BA884161E8FF700F4423B /* AFNetworkActivityIndicatorManager.h */ = {isa = PBXFileReference; fileEncoding = 4; lastKnownFileType = sourcecode.c.h; path = AFNetworkActivityIndicatorManager.h; sourceTree = "<group>"; };
		300BA885161E8FF700F4423B /* AFNetworkActivityIndicatorManager.m */ = {isa = PBXFileReference; fileEncoding = 4; lastKnownFileType = sourcecode.c.objc; path = AFNetworkActivityIndicatorManager.m; sourceTree = "<group>"; };
		300BA886161E8FF700F4423B /* AFNetworking.h */ = {isa = PBXFileReference; fileEncoding = 4; lastKnownFileType = sourcecode.c.h; path = AFNetworking.h; sourceTree = "<group>"; };
		300BA887161E8FF700F4423B /* AFPropertyListRequestOperation.h */ = {isa = PBXFileReference; fileEncoding = 4; lastKnownFileType = sourcecode.c.h; path = AFPropertyListRequestOperation.h; sourceTree = "<group>"; };
		300BA888161E8FF700F4423B /* AFPropertyListRequestOperation.m */ = {isa = PBXFileReference; fileEncoding = 4; lastKnownFileType = sourcecode.c.objc; path = AFPropertyListRequestOperation.m; sourceTree = "<group>"; };
		300BA889161E8FF700F4423B /* AFURLConnectionOperation.h */ = {isa = PBXFileReference; fileEncoding = 4; lastKnownFileType = sourcecode.c.h; path = AFURLConnectionOperation.h; sourceTree = "<group>"; };
		300BA88A161E8FF700F4423B /* AFURLConnectionOperation.m */ = {isa = PBXFileReference; fileEncoding = 4; lastKnownFileType = sourcecode.c.objc; path = AFURLConnectionOperation.m; sourceTree = "<group>"; };
		300BA88B161E8FF700F4423B /* AFXMLRequestOperation.h */ = {isa = PBXFileReference; fileEncoding = 4; lastKnownFileType = sourcecode.c.h; path = AFXMLRequestOperation.h; sourceTree = "<group>"; };
		300BA88C161E8FF700F4423B /* AFXMLRequestOperation.m */ = {isa = PBXFileReference; fileEncoding = 4; lastKnownFileType = sourcecode.c.objc; path = AFXMLRequestOperation.m; sourceTree = "<group>"; };
		300BA88D161E8FF700F4423B /* UIImageView+AFNetworking.h */ = {isa = PBXFileReference; fileEncoding = 4; lastKnownFileType = sourcecode.c.h; path = "UIImageView+AFNetworking.h"; sourceTree = "<group>"; };
		300BA88E161E8FF700F4423B /* UIImageView+AFNetworking.m */ = {isa = PBXFileReference; fileEncoding = 4; lastKnownFileType = sourcecode.c.objc; path = "UIImageView+AFNetworking.m"; sourceTree = "<group>"; };
/* End PBXFileReference section */

/* Begin PBXFrameworksBuildPhase section */
		300BA7F8161E50BF00F4423B /* Frameworks */ = {
			isa = PBXFrameworksBuildPhase;
			buildActionMask = 2147483647;
			files = (
				300BA838161E51FB00F4423B /* CFNetwork.framework in Frameworks */,
				300BA836161E51F000F4423B /* MapKit.framework in Frameworks */,
				300BA834161E51ED00F4423B /* CoreLocation.framework in Frameworks */,
				300BA832161E51E900F4423B /* QuartzCore.framework in Frameworks */,
				300BA800161E50BF00F4423B /* UIKit.framework in Frameworks */,
				300BA802161E50BF00F4423B /* Foundation.framework in Frameworks */,
				300BA804161E50BF00F4423B /* CoreGraphics.framework in Frameworks */,
			);
			runOnlyForDeploymentPostprocessing = 0;
		};
/* End PBXFrameworksBuildPhase section */

/* Begin PBXGroup section */
		300BA7F0161E50BF00F4423B = {
			isa = PBXGroup;
			children = (
				300BA805161E50BF00F4423B /* Application */,
				300BA827161E510400F4423B /* Library */,
				300BA7FE161E50BF00F4423B /* Frameworks */,
				300BA7FC161E50BF00F4423B /* Products */,
			);
			sourceTree = "<group>";
		};
		300BA7FC161E50BF00F4423B /* Products */ = {
			isa = PBXGroup;
			children = (
				300BA7FB161E50BF00F4423B /* MapView.app */,
			);
			name = Products;
			sourceTree = "<group>";
		};
		300BA7FE161E50BF00F4423B /* Frameworks */ = {
			isa = PBXGroup;
			children = (
				300BA837161E51FB00F4423B /* CFNetwork.framework */,
				300BA803161E50BF00F4423B /* CoreGraphics.framework */,
				300BA833161E51ED00F4423B /* CoreLocation.framework */,
				300BA801161E50BF00F4423B /* Foundation.framework */,
				300BA835161E51F000F4423B /* MapKit.framework */,
				300BA831161E51E900F4423B /* QuartzCore.framework */,
				300BA7FF161E50BF00F4423B /* UIKit.framework */,
			);
			name = Frameworks;
			sourceTree = "<group>";
		};
		300BA805161E50BF00F4423B /* Application */ = {
			isa = PBXGroup;
			children = (
				300BA80E161E50BF00F4423B /* AppDelegate.h */,
				300BA80F161E50BF00F4423B /* AppDelegate.m */,
				300BA806161E50BF00F4423B /* Supporting Files */,
				300BA828161E511600F4423B /* Classes */,
			);
			name = Application;
			path = MapView;
			sourceTree = "<group>";
		};
		300BA806161E50BF00F4423B /* Supporting Files */ = {
			isa = PBXGroup;
			children = (
				300BA82C161E512700F4423B /* Images */,
				300BA807161E50BF00F4423B /* MapView-Info.plist */,
				300BA808161E50BF00F4423B /* InfoPlist.strings */,
				300BA80B161E50BF00F4423B /* main.m */,
				300BA80D161E50BF00F4423B /* MapView-Prefix.pch */,
				300BA811161E50BF00F4423B /* Default.png */,
				300BA813161E50BF00F4423B /* Default@2x.png */,
				300BA815161E50BF00F4423B /* Default-568h@2x.png */,
			);
			name = "Supporting Files";
			sourceTree = "<group>";
		};
		300BA827161E510400F4423B /* Library */ = {
			isa = PBXGroup;
			children = (
				300BA87B161E8FF700F4423B /* AFNetworking */,
				300BA846161E5E5C00F4423B /* REUIKitAdditions */,
			);
			path = Library;
			sourceTree = "<group>";
		};
		300BA828161E511600F4423B /* Classes */ = {
			isa = PBXGroup;
			children = (
				300BA829161E511600F4423B /* Controllers */,
				300BA82A161E511600F4423B /* Helpers */,
				300BA82B161E511600F4423B /* Views */,
			);
			path = Classes;
			sourceTree = "<group>";
		};
		300BA829161E511600F4423B /* Controllers */ = {
			isa = PBXGroup;
			children = (
				300BA839161E521F00F4423B /* HomeViewController.h */,
				300BA83A161E521F00F4423B /* HomeViewController.m */,
				300BA83C161E577F00F4423B /* SettingsViewController.h */,
				300BA83D161E577F00F4423B /* SettingsViewController.m */,
				300BA85E161E615700F4423B /* BookmarksViewController.h */,
				300BA85F161E615700F4423B /* BookmarksViewController.m */,
				300BA878161E851500F4423B /* DetailsViewController.h */,
				300BA879161E851500F4423B /* DetailsViewController.m */,
			);
			path = Controllers;
			sourceTree = "<group>";
		};
		300BA82A161E511600F4423B /* Helpers */ = {
			isa = PBXGroup;
			children = (
				300BA861161E668E00F4423B /* Annotation.h */,
				300BA862161E668E00F4423B /* Annotation.m */,
			);
			path = Helpers;
			sourceTree = "<group>";
		};
		300BA82B161E511600F4423B /* Views */ = {
			isa = PBXGroup;
			children = (
			);
			path = Views;
			sourceTree = "<group>";
		};
		300BA82C161E512700F4423B /* Images */ = {
			isa = PBXGroup;
			children = (
				300BA86E161E686B00F4423B /* Pin_Icon_View@2x.png */,
				300BA82D161E513900F4423B /* Icon.png */,
				300BA82E161E513900F4423B /* Icon@2x.png */,
			);
			path = Images;
			sourceTree = "<group>";
		};
		300BA846161E5E5C00F4423B /* REUIKitAdditions */ = {
			isa = PBXGroup;
			children = (
				300BA847161E5E5C00F4423B /* NSObject+REUIKitAdditions.h */,
				300BA848161E5E5C00F4423B /* NSObject+REUIKitAdditions.m */,
				300BA849161E5E5C00F4423B /* REUIKitAdditions.h */,
				300BA84A161E5E5C00F4423B /* REUIKitMacros.h */,
				300BA84B161E5E5C00F4423B /* UIColor+REUIKitAdditions.h */,
				300BA84C161E5E5C00F4423B /* UIColor+REUIKitAdditions.m */,
				300BA84D161E5E5C00F4423B /* UIControl+REUIKitAdditions.h */,
				300BA84E161E5E5C00F4423B /* UIControl+REUIKitAdditions.m */,
				300BA84F161E5E5C00F4423B /* UIImage+REUIKitAdditions.h */,
				300BA850161E5E5C00F4423B /* UIImage+REUIKitAdditions.m */,
				300BA851161E5E5C00F4423B /* UIImageView+REUIKitAdditions.h */,
				300BA852161E5E5C00F4423B /* UIImageView+REUIKitAdditions.m */,
				300BA853161E5E5C00F4423B /* UIScreen+REUIKitAdditions.h */,
				300BA854161E5E5C00F4423B /* UIScreen+REUIKitAdditions.m */,
				300BA855161E5E5C00F4423B /* UIView+REUIKitAdditions.h */,
				300BA856161E5E5C00F4423B /* UIView+REUIKitAdditions.m */,
			);
			name = REUIKitAdditions;
			path = REUIKitAdditions/REUIKitAdditions;
			sourceTree = "<group>";
		};
		300BA87B161E8FF700F4423B /* AFNetworking */ = {
			isa = PBXGroup;
			children = (
				300BA87C161E8FF700F4423B /* AFHTTPClient.h */,
				300BA87D161E8FF700F4423B /* AFHTTPClient.m */,
				300BA87E161E8FF700F4423B /* AFHTTPRequestOperation.h */,
				300BA87F161E8FF700F4423B /* AFHTTPRequestOperation.m */,
				300BA880161E8FF700F4423B /* AFImageRequestOperation.h */,
				300BA881161E8FF700F4423B /* AFImageRequestOperation.m */,
				300BA882161E8FF700F4423B /* AFJSONRequestOperation.h */,
				300BA883161E8FF700F4423B /* AFJSONRequestOperation.m */,
				300BA884161E8FF700F4423B /* AFNetworkActivityIndicatorManager.h */,
				300BA885161E8FF700F4423B /* AFNetworkActivityIndicatorManager.m */,
				300BA886161E8FF700F4423B /* AFNetworking.h */,
				300BA887161E8FF700F4423B /* AFPropertyListRequestOperation.h */,
				300BA888161E8FF700F4423B /* AFPropertyListRequestOperation.m */,
				300BA889161E8FF700F4423B /* AFURLConnectionOperation.h */,
				300BA88A161E8FF700F4423B /* AFURLConnectionOperation.m */,
				300BA88B161E8FF700F4423B /* AFXMLRequestOperation.h */,
				300BA88C161E8FF700F4423B /* AFXMLRequestOperation.m */,
				300BA88D161E8FF700F4423B /* UIImageView+AFNetworking.h */,
				300BA88E161E8FF700F4423B /* UIImageView+AFNetworking.m */,
			);
			name = AFNetworking;
			path = AFNetworking/AFNetworking;
			sourceTree = "<group>";
		};
/* End PBXGroup section */

/* Begin PBXNativeTarget section */
		300BA7FA161E50BF00F4423B /* MapView */ = {
			isa = PBXNativeTarget;
			buildConfigurationList = 300BA819161E50BF00F4423B /* Build configuration list for PBXNativeTarget "MapView" */;
			buildPhases = (
				300BA7F7161E50BF00F4423B /* Sources */,
				300BA7F8161E50BF00F4423B /* Frameworks */,
				300BA7F9161E50BF00F4423B /* Resources */,
			);
			buildRules = (
			);
			dependencies = (
			);
			name = MapView;
			productName = MapView;
			productReference = 300BA7FB161E50BF00F4423B /* MapView.app */;
			productType = "com.apple.product-type.application";
		};
/* End PBXNativeTarget section */

/* Begin PBXProject section */
		300BA7F2161E50BF00F4423B /* Project object */ = {
			isa = PBXProject;
			attributes = {
				LastUpgradeCheck = 0450;
				ORGANIZATIONNAME = "Roman Efimov";
			};
			buildConfigurationList = 300BA7F5161E50BF00F4423B /* Build configuration list for PBXProject "MapView" */;
			compatibilityVersion = "Xcode 3.2";
			developmentRegion = English;
			hasScannedForEncodings = 0;
			knownRegions = (
				en,
			);
			mainGroup = 300BA7F0161E50BF00F4423B;
			productRefGroup = 300BA7FC161E50BF00F4423B /* Products */;
			projectDirPath = "";
			projectRoot = "";
			targets = (
				300BA7FA161E50BF00F4423B /* MapView */,
			);
		};
/* End PBXProject section */

/* Begin PBXResourcesBuildPhase section */
		300BA7F9161E50BF00F4423B /* Resources */ = {
			isa = PBXResourcesBuildPhase;
			buildActionMask = 2147483647;
			files = (
				300BA80A161E50BF00F4423B /* InfoPlist.strings in Resources */,
				300BA812161E50BF00F4423B /* Default.png in Resources */,
				300BA814161E50BF00F4423B /* Default@2x.png in Resources */,
				300BA816161E50BF00F4423B /* Default-568h@2x.png in Resources */,
				300BA82F161E513900F4423B /* Icon.png in Resources */,
				300BA830161E513900F4423B /* Icon@2x.png in Resources */,
				300BA86F161E686B00F4423B /* Pin_Icon_View@2x.png in Resources */,
			);
			runOnlyForDeploymentPostprocessing = 0;
		};
/* End PBXResourcesBuildPhase section */

/* Begin PBXSourcesBuildPhase section */
		300BA7F7161E50BF00F4423B /* Sources */ = {
			isa = PBXSourcesBuildPhase;
			buildActionMask = 2147483647;
			files = (
				300BA80C161E50BF00F4423B /* main.m in Sources */,
				300BA810161E50BF00F4423B /* AppDelegate.m in Sources */,
				300BA83B161E521F00F4423B /* HomeViewController.m in Sources */,
				300BA83E161E577F00F4423B /* SettingsViewController.m in Sources */,
				300BA857161E5E5C00F4423B /* NSObject+REUIKitAdditions.m in Sources */,
				300BA858161E5E5C00F4423B /* UIColor+REUIKitAdditions.m in Sources */,
				300BA859161E5E5C00F4423B /* UIControl+REUIKitAdditions.m in Sources */,
				300BA85A161E5E5C00F4423B /* UIImage+REUIKitAdditions.m in Sources */,
				300BA85B161E5E5C00F4423B /* UIImageView+REUIKitAdditions.m in Sources */,
				300BA85C161E5E5C00F4423B /* UIScreen+REUIKitAdditions.m in Sources */,
				300BA85D161E5E5C00F4423B /* UIView+REUIKitAdditions.m in Sources */,
				300BA860161E615700F4423B /* BookmarksViewController.m in Sources */,
				300BA863161E668E00F4423B /* Annotation.m in Sources */,
				300BA87A161E851500F4423B /* DetailsViewController.m in Sources */,
				300BA88F161E8FF700F4423B /* AFHTTPClient.m in Sources */,
				300BA890161E8FF700F4423B /* AFHTTPRequestOperation.m in Sources */,
				300BA891161E8FF700F4423B /* AFImageRequestOperation.m in Sources */,
				300BA892161E8FF700F4423B /* AFJSONRequestOperation.m in Sources */,
				300BA893161E8FF700F4423B /* AFNetworkActivityIndicatorManager.m in Sources */,
				300BA894161E8FF700F4423B /* AFPropertyListRequestOperation.m in Sources */,
				300BA895161E8FF700F4423B /* AFURLConnectionOperation.m in Sources */,
				300BA896161E8FF700F4423B /* AFXMLRequestOperation.m in Sources */,
				300BA897161E8FF700F4423B /* UIImageView+AFNetworking.m in Sources */,
			);
			runOnlyForDeploymentPostprocessing = 0;
		};
/* End PBXSourcesBuildPhase section */

/* Begin PBXVariantGroup section */
		300BA808161E50BF00F4423B /* InfoPlist.strings */ = {
			isa = PBXVariantGroup;
			children = (
				300BA809161E50BF00F4423B /* en */,
			);
			name = InfoPlist.strings;
			sourceTree = "<group>";
		};
/* End PBXVariantGroup section */

/* Begin XCBuildConfiguration section */
		300BA817161E50BF00F4423B /* Debug */ = {
			isa = XCBuildConfiguration;
			buildSettings = {
				ALWAYS_SEARCH_USER_PATHS = NO;
				CLANG_CXX_LANGUAGE_STANDARD = "gnu++0x";
				CLANG_CXX_LIBRARY = "libc++";
				CLANG_ENABLE_OBJC_ARC = YES;
				CLANG_WARN_EMPTY_BODY = YES;
				CLANG_WARN__DUPLICATE_METHOD_MATCH = YES;
				"CODE_SIGN_IDENTITY[sdk=iphoneos*]" = "iPhone Developer";
				COPY_PHASE_STRIP = NO;
				GCC_C_LANGUAGE_STANDARD = gnu99;
				GCC_DYNAMIC_NO_PIC = NO;
				GCC_OPTIMIZATION_LEVEL = 0;
				GCC_PREPROCESSOR_DEFINITIONS = (
					"DEBUG=1",
					"$(inherited)",
				);
				GCC_SYMBOLS_PRIVATE_EXTERN = NO;
				GCC_WARN_ABOUT_RETURN_TYPE = YES;
				GCC_WARN_UNINITIALIZED_AUTOS = YES;
				GCC_WARN_UNUSED_VARIABLE = YES;
				IPHONEOS_DEPLOYMENT_TARGET = 6.0;
				SDKROOT = iphoneos;
			};
			name = Debug;
		};
		300BA818161E50BF00F4423B /* Release */ = {
			isa = XCBuildConfiguration;
			buildSettings = {
				ALWAYS_SEARCH_USER_PATHS = NO;
				CLANG_CXX_LANGUAGE_STANDARD = "gnu++0x";
				CLANG_CXX_LIBRARY = "libc++";
				CLANG_ENABLE_OBJC_ARC = YES;
				CLANG_WARN_EMPTY_BODY = YES;
				CLANG_WARN__DUPLICATE_METHOD_MATCH = YES;
				"CODE_SIGN_IDENTITY[sdk=iphoneos*]" = "iPhone Developer";
				COPY_PHASE_STRIP = YES;
				GCC_C_LANGUAGE_STANDARD = gnu99;
				GCC_WARN_ABOUT_RETURN_TYPE = YES;
				GCC_WARN_UNINITIALIZED_AUTOS = YES;
				GCC_WARN_UNUSED_VARIABLE = YES;
				IPHONEOS_DEPLOYMENT_TARGET = 6.0;
				OTHER_CFLAGS = "-DNS_BLOCK_ASSERTIONS=1";
				SDKROOT = iphoneos;
				VALIDATE_PRODUCT = YES;
			};
			name = Release;
		};
		300BA81A161E50BF00F4423B /* Debug */ = {
			isa = XCBuildConfiguration;
			buildSettings = {
				GCC_PRECOMPILE_PREFIX_HEADER = YES;
				GCC_PREFIX_HEADER = "MapView/MapView-Prefix.pch";
				INFOPLIST_FILE = "MapView/MapView-Info.plist";
				IPHONEOS_DEPLOYMENT_TARGET = 6.0;
				PRODUCT_NAME = "$(TARGET_NAME)";
				WRAPPER_EXTENSION = app;
			};
			name = Debug;
		};
		300BA81B161E50BF00F4423B /* Release */ = {
			isa = XCBuildConfiguration;
			buildSettings = {
				GCC_PRECOMPILE_PREFIX_HEADER = YES;
				GCC_PREFIX_HEADER = "MapView/MapView-Prefix.pch";
				INFOPLIST_FILE = "MapView/MapView-Info.plist";
				IPHONEOS_DEPLOYMENT_TARGET = 6.0;
				PRODUCT_NAME = "$(TARGET_NAME)";
				WRAPPER_EXTENSION = app;
			};
			name = Release;
		};
/* End XCBuildConfiguration section */

/* Begin XCConfigurationList section */
		300BA7F5161E50BF00F4423B /* Build configuration list for PBXProject "MapView" */ = {
			isa = XCConfigurationList;
			buildConfigurations = (
				300BA817161E50BF00F4423B /* Debug */,
				300BA818161E50BF00F4423B /* Release */,
			);
			defaultConfigurationIsVisible = 0;
			defaultConfigurationName = Release;
		};
		300BA819161E50BF00F4423B /* Build configuration list for PBXNativeTarget "MapView" */ = {
			isa = XCConfigurationList;
			buildConfigurations = (
				300BA81A161E50BF00F4423B /* Debug */,
				300BA81B161E50BF00F4423B /* Release */,
			);
			defaultConfigurationIsVisible = 0;
		};
/* End XCConfigurationList section */
	};
	rootObject = 300BA7F2161E50BF00F4423B /* Project object */;
}
